
Microsoft Visual Studio Solution File, Format Version 12.00
# Visual Studio 15
VisualStudioVersion = 15.0.28307.1525
MinimumVisualStudioVersion = 10.0.40219.1
Project("{FAE04EC0-301F-11D3-BF4B-00C04F79EFBC}") = "ValidationAsp", "ValidationAsp\ValidationAsp.csproj", "{978B53F0-48DF-47DC-9DA3-54B297FE5F5F}"
EndProject
Global
	GlobalSection(SolutionConfigurationPlatforms) = preSolution
		Debug|Any CPU = Debug|Any CPU
		Release|Any CPU = Release|Any CPU
	EndGlobalSection
	GlobalSection(ProjectConfigurationPlatforms) = postSolution
		{978B53F0-48DF-47DC-9DA3-54B297FE5F5F}.Debug|Any CPU.ActiveCfg = Debug|Any CPU
		{978B53F0-48DF-47DC-9DA3-54B297FE5F5F}.Debug|Any CPU.Build.0 = Debug|Any CPU
		{978B53F0-48DF-47DC-9DA3-54B297FE5F5F}.Release|Any CPU.ActiveCfg = Release|Any CPU
		{978B53F0-48DF-47DC-9DA3-54B297FE5F5F}.Release|Any CPU.Build.0 = Release|Any CPU
	EndGlobalSection
	GlobalSection(SolutionProperties) = preSolution
		HideSolutionNode = FALSE
	EndGlobalSection
	GlobalSection(ExtensibilityGlobals) = postSolution
		SolutionGuid = {A9B6AA33-2439-403B-93A7-3FCE17276A8C}
	EndGlobalSection
EndGlobal
